
Microsoft Visual Studio Solution File, Format Version 12.00
# Visual Studio Version 16
VisualStudioVersion = 16.0.29411.108
MinimumVisualStudioVersion = 10.0.40219.1
Project("{FAE04EC0-301F-11D3-BF4B-00C04F79EFBC}") = "App", "App\App.csproj", "{69033070-DD39-428C-9A57-761AE7CE6638}"
EndProject
Global
	GlobalSection(SolutionConfigurationPlatforms) = preSolution
		Debug|Any CPU = Debug|Any CPU
		Release|Any CPU = Release|Any CPU
	EndGlobalSection
	GlobalSection(ProjectConfigurationPlatforms) = postSolution
		{69033070-DD39-428C-9A57-761AE7CE6638}.Debug|Any CPU.ActiveCfg = Debug|Any CPU
		{69033070-DD39-428C-9A57-761AE7CE6638}.Debug|Any CPU.Build.0 = Debug|Any CPU
		{69033070-DD39-428C-9A57-761AE7CE6638}.Release|Any CPU.ActiveCfg = Release|Any CPU
		{69033070-DD39-428C-9A57-761AE7CE6638}.Release|Any CPU.Build.0 = Release|Any CPU
	EndGlobalSection
	GlobalSection(SolutionProperties) = preSolution
		HideSolutionNode = FALSE
	EndGlobalSection
	GlobalSection(ExtensibilityGlobals) = postSolution
		SolutionGuid = {0584CEA3-E8AD-4653-808C-55B92EFD6120}
	EndGlobalSection
EndGlobal
